
Microsoft Visual Studio Solution File, Format Version 12.00
Project("{FAE04EC0-301F-11D3-BF4B-00C04F79EFBC}") = "ManipulaVar", "ManipulaVar\ManipulaVar.csproj", "{43D76DFD-0AD9-4DC0-866D-238C92277F2A}"
EndProject
Project("{FAE04EC0-301F-11D3-BF4B-00C04F79EFBC}") = "PerguntaValores", "PerguntaValores\PerguntaValores.csproj", "{7ED165F8-0D1F-431D-AC03-69AF2A706A67}"
EndProject
Project("{FAE04EC0-301F-11D3-BF4B-00C04F79EFBC}") = "Specials", "Specials\Specials.csproj", "{612E4CD0-9F71-4407-B270-1190D65CBF51}"
EndProject
Global
	GlobalSection(SolutionConfigurationPlatforms) = preSolution
		Debug|Any CPU = Debug|Any CPU
		Release|Any CPU = Release|Any CPU
	EndGlobalSection
	GlobalSection(ProjectConfigurationPlatforms) = postSolution
		{43D76DFD-0AD9-4DC0-866D-238C92277F2A}.Debug|Any CPU.ActiveCfg = Debug|Any CPU
		{43D76DFD-0AD9-4DC0-866D-238C92277F2A}.Debug|Any CPU.Build.0 = Debug|Any CPU
		{43D76DFD-0AD9-4DC0-866D-238C92277F2A}.Release|Any CPU.ActiveCfg = Release|Any CPU
		{43D76DFD-0AD9-4DC0-866D-238C92277F2A}.Release|Any CPU.Build.0 = Release|Any CPU
		{7ED165F8-0D1F-431D-AC03-69AF2A706A67}.Debug|Any CPU.ActiveCfg = Debug|Any CPU
		{7ED165F8-0D1F-431D-AC03-69AF2A706A67}.Debug|Any CPU.Build.0 = Debug|Any CPU
		{7ED165F8-0D1F-431D-AC03-69AF2A706A67}.Release|Any CPU.ActiveCfg = Release|Any CPU
		{7ED165F8-0D1F-431D-AC03-69AF2A706A67}.Release|Any CPU.Build.0 = Release|Any CPU
		{612E4CD0-9F71-4407-B270-1190D65CBF51}.Debug|Any CPU.ActiveCfg = Debug|Any CPU
		{612E4CD0-9F71-4407-B270-1190D65CBF51}.Debug|Any CPU.Build.0 = Debug|Any CPU
		{612E4CD0-9F71-4407-B270-1190D65CBF51}.Release|Any CPU.ActiveCfg = Release|Any CPU
		{612E4CD0-9F71-4407-B270-1190D65CBF51}.Release|Any CPU.Build.0 = Release|Any CPU
	EndGlobalSection
EndGlobal
